
Microsoft Visual Studio Solution File, Format Version 12.00
# Visual Studio Version 17
VisualStudioVersion = 17.9.34728.123
MinimumVisualStudioVersion = 10.0.40219.1
Project("{9A19103F-16F7-4668-BE54-9A1E7A4F7556}") = "Rumassa.API", "Rumassa.API\Rumassa.API.csproj", "{0645F73B-E9EB-4B13-95EA-56C763D72B97}"
EndProject
Project("{FAE04EC0-301F-11D3-BF4B-00C04F79EFBC}") = "Rumassa.Domain", "Rumassa.Domain\Rumassa.Domain.csproj", "{8DE01C2B-F439-43B0-988C-FFAE524A0F00}"
EndProject
Project("{FAE04EC0-301F-11D3-BF4B-00C04F79EFBC}") = "Rumassa.Application", "Rumassa.Application\Rumassa.Application.csproj", "{6D3F050C-DFF2-4040-8224-4E590F037347}"
EndProject
Project("{FAE04EC0-301F-11D3-BF4B-00C04F79EFBC}") = "Rumassa.Infrastructure", "Rumassa.Infrastructure\Rumassa.Infrastructure.csproj", "{52719432-B947-4662-91A9-57013BB9CE2D}"
EndProject
Global
	GlobalSection(SolutionConfigurationPlatforms) = preSolution
		Debug|Any CPU = Debug|Any CPU
		Release|Any CPU = Release|Any CPU
	EndGlobalSection
	GlobalSection(ProjectConfigurationPlatforms) = postSolution
		{0645F73B-E9EB-4B13-95EA-56C763D72B97}.Debug|Any CPU.ActiveCfg = Debug|Any CPU
		{0645F73B-E9EB-4B13-95EA-56C763D72B97}.Debug|Any CPU.Build.0 = Debug|Any CPU
		{0645F73B-E9EB-4B13-95EA-56C763D72B97}.Release|Any CPU.ActiveCfg = Release|Any CPU
		{0645F73B-E9EB-4B13-95EA-56C763D72B97}.Release|Any CPU.Build.0 = Release|Any CPU
		{8DE01C2B-F439-43B0-988C-FFAE524A0F00}.Debug|Any CPU.ActiveCfg = Debug|Any CPU
		{8DE01C2B-F439-43B0-988C-FFAE524A0F00}.Debug|Any CPU.Build.0 = Debug|Any CPU
		{8DE01C2B-F439-43B0-988C-FFAE524A0F00}.Release|Any CPU.ActiveCfg = Release|Any CPU
		{8DE01C2B-F439-43B0-988C-FFAE524A0F00}.Release|Any CPU.Build.0 = Release|Any CPU
		{6D3F050C-DFF2-4040-8224-4E590F037347}.Debug|Any CPU.ActiveCfg = Debug|Any CPU
		{6D3F050C-DFF2-4040-8224-4E590F037347}.Debug|Any CPU.Build.0 = Debug|Any CPU
		{6D3F050C-DFF2-4040-8224-4E590F037347}.Release|Any CPU.ActiveCfg = Release|Any CPU
		{6D3F050C-DFF2-4040-8224-4E590F037347}.Release|Any CPU.Build.0 = Release|Any CPU
		{52719432-B947-4662-91A9-57013BB9CE2D}.Debug|Any CPU.ActiveCfg = Debug|Any CPU
		{52719432-B947-4662-91A9-57013BB9CE2D}.Debug|Any CPU.Build.0 = Debug|Any CPU
		{52719432-B947-4662-91A9-57013BB9CE2D}.Release|Any CPU.ActiveCfg = Release|Any CPU
		{52719432-B947-4662-91A9-57013BB9CE2D}.Release|Any CPU.Build.0 = Release|Any CPU
	EndGlobalSection
	GlobalSection(SolutionProperties) = preSolution
		HideSolutionNode = FALSE
	EndGlobalSection
	GlobalSection(ExtensibilityGlobals) = postSolution
		SolutionGuid = {BCEB0AC4-8D7C-45D0-8D54-EDDCDF04D699}
	EndGlobalSection
EndGlobal
